
Microsoft Visual Studio Solution File, Format Version 12.00
# Visual Studio Version 17
VisualStudioVersion = 17.3.32922.545
MinimumVisualStudioVersion = 10.0.40219.1
Project("{FAE04EC0-301F-11D3-BF4B-00C04F79EFBC}") = "Finance", "Finance.csproj", "{245E1725-A0DD-412D-BAA3-546641539B21}"
EndProject
Global
	GlobalSection(SolutionConfigurationPlatforms) = preSolution
		Debug|Any CPU = Debug|Any CPU
		Release|Any CPU = Release|Any CPU
	EndGlobalSection
	GlobalSection(ProjectConfigurationPlatforms) = postSolution
		{245E1725-A0DD-412D-BAA3-546641539B21}.Debug|Any CPU.ActiveCfg = Debug|Any CPU
		{245E1725-A0DD-412D-BAA3-546641539B21}.Debug|Any CPU.Build.0 = Debug|Any CPU
		{245E1725-A0DD-412D-BAA3-546641539B21}.Release|Any CPU.ActiveCfg = Release|Any CPU
		{245E1725-A0DD-412D-BAA3-546641539B21}.Release|Any CPU.Build.0 = Release|Any CPU
	EndGlobalSection
	GlobalSection(SolutionProperties) = preSolution
		HideSolutionNode = FALSE
	EndGlobalSection
	GlobalSection(ExtensibilityGlobals) = postSolution
		SolutionGuid = {62777E7E-BA03-4065-AFEC-B9BC856A9525}
	EndGlobalSection
EndGlobal
